{
  "name": "blog-hyperskills",
  "lockfileVersion": 3,
  "requires": true,
  "packages": {
    "": {
      "name": "blog-hyperskills",
      "dependencies": {
        "hyperskills": "^0.1.0"
      }
    },
    "node_modules/hyperskills": {
      "version": "0.1.2",
      "resolved": "https://registry.npmjs.org/hyperskills/-/hyperskills-0.1.2.tgz",
      "integrity": "sha512-y7+OEheGaOeTFgFBnlp5LNzCrrMdfgucqdgmywuuw5CnxCU4vBpHFDluS5v/03/Uzm/CJLF/uj/BsaLH8Cr+Fg==",
      "license": "CC-BY-SA-4.0",
      "engines": {
        "node": ">=18"
      }
    }
  }
}
